Microsoft Visual Studio Solution File, Format Version 12.00
# Visual Studio Version 17
VisualStudioVersion = 17.13.35919.96
MinimumVisualStudioVersion = 10.0.40219.1
Project("{FAE04EC0-301F-11D3-BF4B-00C04F79EFBC}") = "CrispBlazor", "CrispBlazor\CrispBlazor\CrispBlazor.csproj", "{12E2CFF4-045F-4CF0-9526-BBE99A81927D}"
EndProject
Project("{FAE04EC0-301F-11D3-BF4B-00C04F79EFBC}") = "CrispBlazor.Client", "CrispBlazor\CrispBlazor.Client\CrispBlazor.Client.csproj", "{AB6D0B0C-2868-4244-B13F-9A4A56B6AA38}"
EndProject
Global
	GlobalSection(SolutionConfigurationPlatforms) = preSolution
		Debug|Any CPU = Debug|Any CPU
		Release|Any CPU = Release|Any CPU
	EndGlobalSection
	GlobalSection(ProjectConfigurationPlatforms) = postSolution
		{12E2CFF4-045F-4CF0-9526-BBE99A81927D}.Debug|Any CPU.ActiveCfg = Debug|Any CPU
		{12E2CFF4-045F-4CF0-9526-BBE99A81927D}.Debug|Any CPU.Build.0 = Debug|Any CPU
		{12E2CFF4-045F-4CF0-9526-BBE99A81927D}.Release|Any CPU.ActiveCfg = Release|Any CPU
		{12E2CFF4-045F-4CF0-9526-BBE99A81927D}.Release|Any CPU.Build.0 = Release|Any CPU
		{AB6D0B0C-2868-4244-B13F-9A4A56B6AA38}.Debug|Any CPU.ActiveCfg = Debug|Any CPU
		{AB6D0B0C-2868-4244-B13F-9A4A56B6AA38}.Debug|Any CPU.Build.0 = Debug|Any CPU
		{AB6D0B0C-2868-4244-B13F-9A4A56B6AA38}.Release|Any CPU.ActiveCfg = Release|Any CPU
		{AB6D0B0C-2868-4244-B13F-9A4A56B6AA38}.Release|Any CPU.Build.0 = Release|Any CPU
	EndGlobalSection
	GlobalSection(SolutionProperties) = preSolution
		HideSolutionNode = FALSE
	EndGlobalSection
	GlobalSection(ExtensibilityGlobals) = postSolution
		SolutionGuid = {F92D3F2F-78C8-4FDB-98F1-2319E4BF2EBA}
	EndGlobalSection
EndGlobal
